// !$*UTF8*$!
{
	archiveVersion = 1;
	classes = {
	};
	objectVersion = 46;
	objects = {

/* Begin PBXBuildFile section */
		8C93728A1BE3B40900E3590E /* BluetoothAccess.swift in Sources */ = {isa = PBXBuildFile; fileRef = 8C9372891BE3B40900E3590E /* BluetoothAccess.swift */; };
		8CA3C4411BE3A7FD00271757 /* AppDelegate.swift in Sources */ = {isa = PBXBuildFile; fileRef = 8CA3C4401BE3A7FD00271757 /* AppDelegate.swift */; };
		8CA3C4431BE3A7FD00271757 /* ViewController.swift in Sources */ = {isa = PBXBuildFile; fileRef = 8CA3C4421BE3A7FD00271757 /* ViewController.swift */; };
		8CA3C4461BE3A7FD00271757 /* Main.storyboard in Resources */ = {isa = PBXBuildFile; fileRef = 8CA3C4441BE3A7FD00271757 /* Main.storyboard */; };
		8CA3C4481BE3A7FD00271757 /* Assets.xcassets in Resources */ = {isa = PBXBuildFile; fileRef = 8CA3C4471BE3A7FD00271757 /* Assets.xcassets */; };
/* End PBXBuildFile section */

/* Begin PBXFileReference section */
		8C9372891BE3B40900E3590E /* BluetoothAccess.swift */ = {isa = PBXFileReference; fileEncoding = 4; lastKnownFileType = sourcecode.swift; path = BluetoothAccess.swift; sourceTree = "<group>"; };
		8CA3C43D1BE3A7FD00271757 /* BluetoothExampleTV.app */ = {isa = PBXFileReference; explicitFileType = wrapper.application; includeInIndex = 0; path = BluetoothExampleTV.app; sourceTree = BUILT_PRODUCTS_DIR; };
		8CA3C4401BE3A7FD00271757 /* AppDelegate.swift */ = {isa = PBXFileReference; lastKnownFileType = sourcecode.swift; path = AppDelegate.swift; sourceTree = "<group>"; };
		8CA3C4421BE3A7FD00271757 /* ViewController.swift */ = {isa = PBXFileReference; lastKnownFileType = sourcecode.swift; path = ViewController.swift; sourceTree = "<group>"; };
		8CA3C4451BE3A7FD00271757 /* Base */ = {isa = PBXFileReference; lastKnownFileType = file.storyboard; name = Base; path = Base.lproj/Main.storyboard; sourceTree = "<group>"; };
		8CA3C4471BE3A7FD00271757 /* Assets.xcassets */ = {isa = PBXFileReference; lastKnownFileType = folder.assetcatalog; path = Assets.xcassets; sourceTree = "<group>"; };
		8CA3C4491BE3A7FD00271757 /* Info.plist */ = {isa = PBXFileReference; lastKnownFileType = text.plist.xml; path = Info.plist; sourceTree = "<group>"; };
/* End PBXFileReference section */

/* Begin PBXFrameworksBuildPhase section */
		8CA3C43A1BE3A7FD00271757 /* Frameworks */ = {
			isa = PBXFrameworksBuildPhase;
			buildActionMask = 2147483647;
			files = (
			);
			runOnlyForDeploymentPostprocessing = 0;
		};
/* End PBXFrameworksBuildPhase section */

/* Begin PBXGroup section */
		8CA3C4341BE3A7FD00271757 = {
			isa = PBXGroup;
			children = (
				8CA3C43F1BE3A7FD00271757 /* BluetoothExampleTV */,
				8CA3C43E1BE3A7FD00271757 /* Products */,
			);
			sourceTree = "<group>";
		};
		8CA3C43E1BE3A7FD00271757 /* Products */ = {
			isa = PBXGroup;
			children = (
				8CA3C43D1BE3A7FD00271757 /* BluetoothExampleTV.app */,
			);
			name = Products;
			sourceTree = "<group>";
		};
		8CA3C43F1BE3A7FD00271757 /* BluetoothExampleTV */ = {
			isa = PBXGroup;
			children = (
				8CA3C4401BE3A7FD00271757 /* AppDelegate.swift */,
				8C9372891BE3B40900E3590E /* BluetoothAccess.swift */,
				8CA3C4421BE3A7FD00271757 /* ViewController.swift */,
				8CA3C4441BE3A7FD00271757 /* Main.storyboard */,
				8CA3C4471BE3A7FD00271757 /* Assets.xcassets */,
				8CA3C4491BE3A7FD00271757 /* Info.plist */,
			);
			path = BluetoothExampleTV;
			sourceTree = "<group>";
		};
/* End PBXGroup section */

/* Begin PBXNativeTarget section */
		8CA3C43C1BE3A7FD00271757 /* BluetoothExampleTV */ = {
			isa = PBXNativeTarget;
			buildConfigurationList = 8CA3C44C1BE3A7FD00271757 /* Build configuration list for PBXNativeTarget "BluetoothExampleTV" */;
			buildPhases = (
				8CA3C4391BE3A7FD00271757 /* Sources */,
				8CA3C43A1BE3A7FD00271757 /* Frameworks */,
				8CA3C43B1BE3A7FD00271757 /* Resources */,
				8CB4069F1C02306300FFCA61 /* ShellScript */,
			);
			buildRules = (
			);
			dependencies = (
			);
			name = BluetoothExampleTV;
			productName = BluetoothExampleTV;
			productReference = 8CA3C43D1BE3A7FD00271757 /* BluetoothExampleTV.app */;
			productType = "com.apple.product-type.application";
		};
/* End PBXNativeTarget section */

/* Begin PBXProject section */
		8CA3C4351BE3A7FD00271757 /* Project object */ = {
			isa = PBXProject;
			attributes = {
				LastSwiftUpdateCheck = 0710;
				LastUpgradeCheck = 0710;
				ORGANIZATIONNAME = "Noritaka Kamiya";
				TargetAttributes = {
					8CA3C43C1BE3A7FD00271757 = {
						CreatedOnToolsVersion = 7.1;
					};
				};
			};
			buildConfigurationList = 8CA3C4381BE3A7FD00271757 /* Build configuration list for PBXProject "BluetoothExampleTV" */;
			compatibilityVersion = "Xcode 3.2";
			developmentRegion = English;
			hasScannedForEncodings = 0;
			knownRegions = (
				en,
				Base,
			);
			mainGroup = 8CA3C4341BE3A7FD00271757;
			productRefGroup = 8CA3C43E1BE3A7FD00271757 /* Products */;
			projectDirPath = "";
			projectRoot = "";
			targets = (
				8CA3C43C1BE3A7FD00271757 /* BluetoothExampleTV */,
			);
		};
/* End PBXProject section */

/* Begin PBXResourcesBuildPhase section */
		8CA3C43B1BE3A7FD00271757 /* Resources */ = {
			isa = PBXResourcesBuildPhase;
			buildActionMask = 2147483647;
			files = (
				8CA3C4481BE3A7FD00271757 /* Assets.xcassets in Resources */,
				8CA3C4461BE3A7FD00271757 /* Main.storyboard in Resources */,
			);
			runOnlyForDeploymentPostprocessing = 0;
		};
/* End PBXResourcesBuildPhase section */

/* Begin PBXShellScriptBuildPhase section */
		8CB4069F1C02306300FFCA61 /* ShellScript */ = {
			isa = PBXShellScriptBuildPhase;
			buildActionMask = 2147483647;
			files = (
			);
			inputPaths = (
			);
			outputPaths = (
			);
			runOnlyForDeploymentPostprocessing = 0;
			shellPath = /bin/sh;
			shellScript = "if which swiftlint >/dev/null; then\nswiftlint\nelse\necho \"SwiftLint does not exist, download from https://github.com/realm/SwiftLint\"\nfi";
		};
/* End PBXShellScriptBuildPhase section */

/* Begin PBXSourcesBuildPhase section */
		8CA3C4391BE3A7FD00271757 /* Sources */ = {
			isa = PBXSourcesBuildPhase;
			buildActionMask = 2147483647;
			files = (
				8C93728A1BE3B40900E3590E /* BluetoothAccess.swift in Sources */,
				8CA3C4431BE3A7FD00271757 /* ViewController.swift in Sources */,
				8CA3C4411BE3A7FD00271757 /* AppDelegate.swift in Sources */,
			);
			runOnlyForDeploymentPostprocessing = 0;
		};
/* End PBXSourcesBuildPhase section */

/* Begin PBXVariantGroup section */
		8CA3C4441BE3A7FD00271757 /* Main.storyboard */ = {
			isa = PBXVariantGroup;
			children = (
				8CA3C4451BE3A7FD00271757 /* Base */,
			);
			name = Main.storyboard;
			sourceTree = "<group>";
		};
/* End PBXVariantGroup section */

/* Begin XCBuildConfiguration section */
		8CA3C44A1BE3A7FD00271757 /* Debug */ = {
			isa = XCBuildConfiguration;
			buildSettings = {
				ALWAYS_SEARCH_USER_PATHS = NO;
				CLANG_CXX_LANGUAGE_STANDARD = "gnu++0x";
				CLANG_CXX_LIBRARY = "libc++";
				CLANG_ENABLE_MODULES = YES;
				CLANG_ENABLE_OBJC_ARC = YES;
				CLANG_WARN_BOOL_CONVERSION = YES;
				CLANG_WARN_CONSTANT_CONVERSION = YES;
				CLANG_WARN_DIRECT_OBJC_ISA_USAGE = YES_ERROR;
				CLANG_WARN_EMPTY_BODY = YES;
				CLANG_WARN_ENUM_CONVERSION = YES;
				CLANG_WARN_INT_CONVERSION = YES;
				CLANG_WARN_OBJC_ROOT_CLASS = YES_ERROR;
				CLANG_WARN_UNREACHABLE_CODE = YES;
				CLANG_WARN__DUPLICATE_METHOD_MATCH = YES;
				COPY_PHASE_STRIP = NO;
				DEBUG_INFORMATION_FORMAT = dwarf;
				ENABLE_STRICT_OBJC_MSGSEND = YES;
				ENABLE_TESTABILITY = YES;
				GCC_C_LANGUAGE_STANDARD = gnu99;
				GCC_DYNAMIC_NO_PIC = NO;
				GCC_NO_COMMON_BLOCKS = YES;
				GCC_OPTIMIZATION_LEVEL = 0;
				GCC_PREPROCESSOR_DEFINITIONS = (
					"DEBUG=1",
					"$(inherited)",
				);
				GCC_WARN_64_TO_32_BIT_CONVERSION = YES;
				GCC_WARN_ABOUT_RETURN_TYPE = YES_ERROR;
				GCC_WARN_UNDECLARED_SELECTOR = YES;
				GCC_WARN_UNINITIALIZED_AUTOS = YES_AGGRESSIVE;
				GCC_WARN_UNUSED_FUNCTION = YES;
				GCC_WARN_UNUSED_VARIABLE = YES;
				MTL_ENABLE_DEBUG_INFO = YES;
				ONLY_ACTIVE_ARCH = YES;
				SDKROOT = appletvos;
				SWIFT_OPTIMIZATION_LEVEL = "-Onone";
				TARGETED_DEVICE_FAMILY = 3;
				TVOS_DEPLOYMENT_TARGET = 9.0;
			};
			name = Debug;
		};
		8CA3C44B1BE3A7FD00271757 /* Release */ = {
			isa = XCBuildConfiguration;
			buildSettings = {
				ALWAYS_SEARCH_USER_PATHS = NO;
				CLANG_CXX_LANGUAGE_STANDARD = "gnu++0x";
				CLANG_CXX_LIBRARY = "libc++";
				CLANG_ENABLE_MODULES = YES;
				CLANG_ENABLE_OBJC_ARC = YES;
				CLANG_WARN_BOOL_CONVERSION = YES;
				CLANG_WARN_CONSTANT_CONVERSION = YES;
				CLANG_WARN_DIRECT_OBJC_ISA_USAGE = YES_ERROR;
				CLANG_WARN_EMPTY_BODY = YES;
				CLANG_WARN_ENUM_CONVERSION = YES;
				CLANG_WARN_INT_CONVERSION = YES;
				CLANG_WARN_OBJC_ROOT_CLASS = YES_ERROR;
				CLANG_WARN_UNREACHABLE_CODE = YES;
				CLANG_WARN__DUPLICATE_METHOD_MATCH = YES;
				COPY_PHASE_STRIP = NO;
				DEBUG_INFORMATION_FORMAT = "dwarf-with-dsym";
				ENABLE_NS_ASSERTIONS = NO;
				ENABLE_STRICT_OBJC_MSGSEND = YES;
				GCC_C_LANGUAGE_STANDARD = gnu99;
				GCC_NO_COMMON_BLOCKS = YES;
				GCC_WARN_64_TO_32_BIT_CONVERSION = YES;
				GCC_WARN_ABOUT_RETURN_TYPE = YES_ERROR;
				GCC_WARN_UNDECLARED_SELECTOR = YES;
				GCC_WARN_UNINITIALIZED_AUTOS = YES_AGGRESSIVE;
				GCC_WARN_UNUSED_FUNCTION = YES;
				GCC_WARN_UNUSED_VARIABLE = YES;
				MTL_ENABLE_DEBUG_INFO = NO;
				SDKROOT = appletvos;
				TARGETED_DEVICE_FAMILY = 3;
				TVOS_DEPLOYMENT_TARGET = 9.0;
				VALIDATE_PRODUCT = YES;
			};
			name = Release;
		};
		8CA3C44D1BE3A7FD00271757 /* Debug */ = {
			isa = XCBuildConfiguration;
			buildSettings = {
				ASSETCATALOG_COMPILER_APPICON_NAME = "App Icon & Top Shelf Image";
				ASSETCATALOG_COMPILER_LAUNCHIMAGE_NAME = LaunchImage;
				CODE_SIGN_IDENTITY = "iPhone Developer";
				INFOPLIST_FILE = BluetoothExampleTV/Info.plist;
				LD_RUNPATH_SEARCH_PATHS = "$(inherited) @executable_path/Frameworks";
				PRODUCT_BUNDLE_IDENTIFIER = li.noli.BluetoothExampleTV;
				PRODUCT_NAME = "$(TARGET_NAME)";
			};
			name = Debug;
		};
		8CA3C44E1BE3A7FD00271757 /* Release */ = {
			isa = XCBuildConfiguration;
			buildSettings = {
				ASSETCATALOG_COMPILER_APPICON_NAME = "App Icon & Top Shelf Image";
				ASSETCATALOG_COMPILER_LAUNCHIMAGE_NAME = LaunchImage;
				CODE_SIGN_IDENTITY = "iPhone Developer";
				INFOPLIST_FILE = BluetoothExampleTV/Info.plist;
				LD_RUNPATH_SEARCH_PATHS = "$(inherited) @executable_path/Frameworks";
				PRODUCT_BUNDLE_IDENTIFIER = li.noli.BluetoothExampleTV;
				PRODUCT_NAME = "$(TARGET_NAME)";
			};
			name = Release;
		};
/* End XCBuildConfiguration section */

/* Begin XCConfigurationList section */
		8CA3C4381BE3A7FD00271757 /* Build configuration list for PBXProject "BluetoothExampleTV" */ = {
			isa = XCConfigurationList;
			buildConfigurations = (
				8CA3C44A1BE3A7FD00271757 /* Debug */,
				8CA3C44B1BE3A7FD00271757 /* Release */,
			);
			defaultConfigurationIsVisible = 0;
			defaultConfigurationName = Release;
		};
		8CA3C44C1BE3A7FD00271757 /* Build configuration list for PBXNativeTarget "BluetoothExampleTV" */ = {
			isa = XCConfigurationList;
			buildConfigurations = (
				8CA3C44D1BE3A7FD00271757 /* Debug */,
				8CA3C44E1BE3A7FD00271757 /* Release */,
			);
			defaultConfigurationIsVisible = 0;
			defaultConfigurationName = Release;
		};
/* End XCConfigurationList section */
	};
	rootObject = 8CA3C4351BE3A7FD00271757 /* Project object */;
}
